# THIS IS AN AUTOGENERATED FILE. DO NOT EDIT THIS FILE DIRECTLY.
# yarn lockfile v1


"@babel/runtime@^7.1.6", "@babel/runtime@^7.5.5", "@babel/runtime@^7.8.7":
  version "7.9.6"
  resolved "https://registry.yarnpkg.com/@babel/runtime/-/runtime-7.9.6.tgz#a9102eb5cadedf3f31d08a9ecf294af7827ea29f"
  integrity sha512-64AF1xY3OAkFHqOb9s4jpgk1Mm5vDZ4L3acHvAml+53nO1XbXLuDodsVpO4OIUsmemlUHMxNdYMNJmsvOwLrvQ==
  dependencies:
    regenerator-runtime "^0.13.4"

"@material-ui/react-transition-group@^4.2.0":
  version "4.3.0"
  resolved "https://registry.yarnpkg.com/@material-ui/react-transition-group/-/react-transition-group-4.3.0.tgz#92529142addb5cc179dbf42d246c7e3fe4d6104b"
  integrity sha512-CwQ0aXrlUynUTY6sh3UvKuvye1o92en20VGAs6TORnSxUYeRmkX8YeTUN3lAkGiBX1z222FxLFO36WWh6q73rQ==
  dependencies:
    "@babel/runtime" "^7.5.5"
    dom-helpers "^5.0.1"
    loose-envify "^1.4.0"
    prop-types "^15.6.2"

"@shopify/app-bridge@^1.3.0":
  version "1.21.4"
  resolved "https://registry.yarnpkg.com/@shopify/app-bridge/-/app-bridge-1.21.4.tgz#5018ab36c1bd1be6e1f0f64b6ae08da79d57b35c"
  integrity sha512-F6ypuKZA2/B4wsREVaSUGc7x7Ba4cbZLDubG21SX1ACVMORNzg9aEafTEgCPYHD4ki7FM2ShHNqZ4l1FOOjpzg==

"@shopify/javascript-utilities@^2.4.1":
  version "2.4.1"
  resolved "https://registry.yarnpkg.com/@shopify/javascript-utilities/-/javascript-utilities-2.4.1.tgz#99e1994381fc33a2609f7792b6812feee32362fa"
  integrity sha512-CDp4nWHjVXTr+rYV5RMBs8aJ5PbXUdbz47jnKisBWa9GFwJktZFj2PxefXqfLd51KpIuQpFnA/NMvq4M5tdTlw==
  dependencies:
    "@types/lodash" "^4.14.65"
    "@types/react" "^16.0.2"
    lodash "^4.17.4"
    lodash-decorators "^4.3.5"

"@shopify/polaris-icons@^3.10.0":
  version "3.10.0"
  resolved "https://registry.yarnpkg.com/@shopify/polaris-icons/-/polaris-icons-3.10.0.tgz#01fa32853c304c58d768209a74f88ac9d7a51098"
  integrity sha512-Y8cTtFwIfkUDlCHonCimSxPdHk9AE11PYsh9JqzTKLjsAv6p3De/JQR/gZfAifmAAhg0XBmaaV5K4Y6Z5J6xAw==

"@shopify/polaris-tokens@^2.12.3":
  version "2.12.3"
  resolved "https://registry.yarnpkg.com/@shopify/polaris-tokens/-/polaris-tokens-2.12.3.tgz#f34991fd70d90dce569072964b9482df22950053"
  integrity sha512-3xBJxJqdMOE61SWjNFHaRGegoYSc4SOlAkwQ/VnZgSn/2AoG72m7OFQ+vA/tWR87Z9L3QKggymBxQR9aqBJ7FA==
  dependencies:
    hsluv "^0.1.0"
    tslib "^1.10.0"

"@shopify/polaris@^4.21.0":
  version "4.21.0"
  resolved "https://registry.yarnpkg.com/@shopify/polaris/-/polaris-4.21.0.tgz#3816edd6d722caf3f1597ddda1d6eb928bd5dcb8"
  integrity sha512-nBO4nvTK20dn0vfBKz1YEiJQ1/i2kpoW95n7+l85Y54y/ufNgVF4jVeXiG9Ty2Q18LX+54IoV8JWPM22hcI3qg==
  dependencies:
    "@babel/runtime" "^7.1.6"
    "@material-ui/react-transition-group" "^4.2.0"
    "@shopify/app-bridge" "^1.3.0"
    "@shopify/javascript-utilities" "^2.4.1"
    "@shopify/polaris-icons" "^3.10.0"
    "@shopify/polaris-tokens" "^2.12.3"
    "@shopify/useful-types" "^1.2.4"
    "@types/hoist-non-react-statics" "^3.3.1"
    "@types/react" "^16.8.15"
    "@types/react-dom" "^16.8.4"
    "@types/react-transition-group" "^2.0.7"
    hoist-non-react-statics "^3.3.0"
    lodash "^4.17.4"
    tslib "^1.9.3"

"@shopify/useful-types@^1.2.4":
  version "1.3.0"
  resolved "https://registry.yarnpkg.com/@shopify/useful-types/-/useful-types-1.3.0.tgz#79cfb6722d2cc192c05f14e55789bcfe2b40a6de"
  integrity sha512-BQw5KFuDm7aAH1bPECxnC1bPyaLSmZP0ecs0XwzKtgltBHWGvgu8dpqNXvY+sDfG5tnF+79EjiytRCOsTElyIg==
  dependencies:
    "@types/react" ">=16.4.0"
    tslib "^1.9.3"

"@types/hoist-non-react-statics@^3.3.1":
  version "3.3.1"
  resolved "https://registry.yarnpkg.com/@types/hoist-non-react-statics/-/hoist-non-react-statics-3.3.1.tgz#1124aafe5118cb591977aeb1ceaaed1070eb039f"
  integrity sha512-iMIqiko6ooLrTh1joXodJK5X9xeEALT1kM5G3ZLhD3hszxBdIEd5C75U834D9mLcINgD4OyZf5uQXjkuYydWvA==
  dependencies:
    "@types/react" "*"
    hoist-non-react-statics "^3.3.0"

"@types/lodash@^4.14.65":
  version "4.14.150"
  resolved "https://registry.yarnpkg.com/@types/lodash/-/lodash-4.14.150.tgz#649fe44684c3f1fcb6164d943c5a61977e8cf0bd"
  integrity sha512-kMNLM5JBcasgYscD9x/Gvr6lTAv2NVgsKtet/hm93qMyf/D1pt+7jeEZklKJKxMVmXjxbRVQQGfqDSfipYCO6w==

"@types/prop-types@*":
  version "15.7.3"
  resolved "https://registry.yarnpkg.com/@types/prop-types/-/prop-types-15.7.3.tgz#2ab0d5da2e5815f94b0b9d4b95d1e5f243ab2ca7"
  integrity sha512-KfRL3PuHmqQLOG+2tGpRO26Ctg+Cq1E01D2DMriKEATHgWLfeNDmq9e29Q9WIky0dQ3NPkd1mzYH8Lm936Z9qw==

"@types/react-dom@^16.8.4":
  version "16.9.7"
  resolved "https://registry.yarnpkg.com/@types/react-dom/-/react-dom-16.9.7.tgz#60844d48ce252d7b2dccf0c7bb937130e27c0cd2"
  integrity sha512-GHTYhM8/OwUCf254WO5xqR/aqD3gC9kSTLpopWGpQLpnw23jk44RvMHsyUSEplvRJZdHxhJGMMLF0kCPYHPhQA==
  dependencies:
    "@types/react" "*"

"@types/react-transition-group@^2.0.7":
  version "2.9.2"
  resolved "https://registry.yarnpkg.com/@types/react-transition-group/-/react-transition-group-2.9.2.tgz#c48cf2a11977c8b4ff539a1c91d259eaa627028d"
  integrity sha512-5Fv2DQNO+GpdPZcxp2x/OQG/H19A01WlmpjVD9cKvVFmoVLOZ9LvBgSWG6pSXIU4og5fgbvGPaCV5+VGkWAEHA==
  dependencies:
    "@types/react" "*"

"@types/react@*", "@types/react@>=16.4.0", "@types/react@^16.0.2", "@types/react@^16.8.15":
  version "16.9.34"
  resolved "https://registry.yarnpkg.com/@types/react/-/react-16.9.34.tgz#f7d5e331c468f53affed17a8a4d488cd44ea9349"
  integrity sha512-8AJlYMOfPe1KGLKyHpflCg5z46n0b5DbRfqDksxBLBTUpB75ypDBAO9eCUcjNwE6LCUslwTz00yyG/X9gaVtow==
  dependencies:
    "@types/prop-types" "*"
    csstype "^2.2.0"

csstype@^2.2.0, csstype@^2.6.7:
  version "2.6.10"
  resolved "https://registry.yarnpkg.com/csstype/-/csstype-2.6.10.tgz#e63af50e66d7c266edb6b32909cfd0aabe03928b"
  integrity sha512-D34BqZU4cIlMCY93rZHbrq9pjTAQJ3U8S8rfBqjwHxkGPThWFjzZDQpgMJY0QViLxth6ZKYiwFBo14RdN44U/w==

dom-helpers@^5.0.1:
  version "5.1.4"
  resolved "https://registry.yarnpkg.com/dom-helpers/-/dom-helpers-5.1.4.tgz#4609680ab5c79a45f2531441f1949b79d6587f4b"
  integrity sha512-TjMyeVUvNEnOnhzs6uAn9Ya47GmMo3qq7m+Lr/3ON0Rs5kHvb8I+SQYjLUSYn7qhEm0QjW0yrBkvz9yOrwwz1A==
  dependencies:
    "@babel/runtime" "^7.8.7"
    csstype "^2.6.7"

hoist-non-react-statics@^3.3.0:
  version "3.3.2"
  resolved "https://registry.yarnpkg.com/hoist-non-react-statics/-/hoist-non-react-statics-3.3.2.tgz#ece0acaf71d62c2969c2ec59feff42a4b1a85b45"
  integrity sha512-/gGivxi8JPKWNm/W0jSmzcMPpfpPLc3dY/6GxhX2hQ9iGj3aDfklV4ET7NjKpSinLpJ5vafa9iiGIEZg10SfBw==
  dependencies:
    react-is "^16.7.0"

hsluv@^0.1.0:
  version "0.1.0"
  resolved "https://registry.yarnpkg.com/hsluv/-/hsluv-0.1.0.tgz#29f40d49642bd56dd0c192122abcc723bb5c2d6c"
  integrity sha512-ERcanKLAszD2XN3Vh5r5Szkrv9q0oSTudmP0rkiKAGM/3NMc9FLmMZBB7TSqTaXJfSDBOreYTfjezCOYbRKqlw==

"js-tokens@^3.0.0 || ^4.0.0":
  version "4.0.0"
  resolved "https://registry.yarnpkg.com/js-tokens/-/js-tokens-4.0.0.tgz#19203fb59991df98e3a287050d4647cdeaf32499"
  integrity sha512-RdJUflcE3cUzKiMqQgsCu06FPu9UdIJO0beYbPhHN4k6apgJtifcoCtT9bcxOpYBtpD2kCM6Sbzg4CausW/PKQ==

lodash-decorators@^4.3.5:
  version "4.5.0"
  resolved "https://registry.yarnpkg.com/lodash-decorators/-/lodash-decorators-4.5.0.tgz#a4bb63dfbb512f0dd9409f7af452e4e2edcb80f4"
  integrity sha512-isfVBBSzzXu7Z6abY/Bit5hCbM+gPhQx/DluTPAmzUPF3KRtvLLRNBgVFUxw6B8vwTMGyQFRVqbvQBli9hsXZA==
  dependencies:
    tslib "^1.7.1"

lodash@^4.17.4:
  version "4.17.15"
  resolved "https://registry.yarnpkg.com/lodash/-/lodash-4.17.15.tgz#b447f6670a0455bbfeedd11392eff330ea097548"
  integrity sha512-8xOcRHvCjnocdS5cpwXQXVzmmh5e5+saE2QGoeQmbKmRS6J3VQppPOIt0MnmE+4xlZoumy0GPG0D0MVIQbNA1A==

loose-envify@^1.4.0:
  version "1.4.0"
  resolved "https://registry.yarnpkg.com/loose-envify/-/loose-envify-1.4.0.tgz#71ee51fa7be4caec1a63839f7e682d8132d30caf"
  integrity sha512-lyuxPGr/Wfhrlem2CL/UcnUc1zcqKAImBDzukY7Y5F/yQiNdko6+fRLevlw1HgMySw7f611UIY408EtxRSoK3Q==
  dependencies:
    js-tokens "^3.0.0 || ^4.0.0"

object-assign@^4.1.1:
  version "4.1.1"
  resolved "https://registry.yarnpkg.com/object-assign/-/object-assign-4.1.1.tgz#2109adc7965887cfc05cbbd442cac8bfbb360863"
  integrity sha1-IQmtx5ZYh8/AXLvUQsrIv7s2CGM=

prop-types@^15.6.2:
  version "15.7.2"
  resolved "https://registry.yarnpkg.com/prop-types/-/prop-types-15.7.2.tgz#52c41e75b8c87e72b9d9360e0206b99dcbffa6c5"
  integrity sha512-8QQikdH7//R2vurIJSutZ1smHYTcLpRWEOlHnzcWHmBYrOGUysKwSsrC89BCiFj3CbrfJ/nXFdJepOVrY1GCHQ==
  dependencies:
    loose-envify "^1.4.0"
    object-assign "^4.1.1"
    react-is "^16.8.1"

react-is@^16.7.0, react-is@^16.8.1:
  version "16.13.1"
  resolved "https://registry.yarnpkg.com/react-is/-/react-is-16.13.1.tgz#789729a4dc36de2999dc156dd6c1d9c18cea56a4"
  integrity sha512-24e6ynE2H+OKt4kqsOvNd8kBpV65zoxbA4BVsEOB3ARVWQki/DHzaUoC5KuON/BiccDaCCTZBuOcfZs70kR8bQ==

regenerator-runtime@^0.13.4:
  version "0.13.5"
  resolved "https://registry.yarnpkg.com/regenerator-runtime/-/regenerator-runtime-0.13.5.tgz#d878a1d094b4306d10b9096484b33ebd55e26697"
  integrity sha512-ZS5w8CpKFinUzOwW3c83oPeVXoNsrLsaCoLtJvAClH135j/R77RuymhiSErhm2lKcwSCIpmvIWSbDkIfAqKQlA==

tslib@^1.10.0, tslib@^1.7.1, tslib@^1.9.3:
  version "1.11.2"
  resolved "https://registry.yarnpkg.com/tslib/-/tslib-1.11.2.tgz#9c79d83272c9a7aaf166f73915c9667ecdde3cc9"
  integrity sha512-tTSkux6IGPnUGUd1XAZHcpu85MOkIl5zX49pO+jfsie3eP0B6pyhOlLXm3cAC6T7s+euSDDUUV+Acop5WmtkVg==
